Microsoft Visual Studio Solution File, Format Version 12.00
# Visual Studio Version 17
VisualStudioVersion = 17.5.2.0
MinimumVisualStudioVersion = 10.0.40219.1
Project("{FAE04EC0-301F-11D3-BF4B-00C04F79EFBC}") = "CaseIntakeApp.Backend", "CaseIntakeApp.Backend.csproj", "{FE9800A9-84B3-E3B6-0F08-5659795960D0}"
EndProject
Global
	GlobalSection(SolutionConfigurationPlatforms) = preSolution
		Debug|Any CPU = Debug|Any CPU
		Release|Any CPU = Release|Any CPU
	EndGlobalSection
	GlobalSection(ProjectConfigurationPlatforms) = postSolution
		{FE9800A9-84B3-E3B6-0F08-5659795960D0}.Debug|Any CPU.ActiveCfg = Debug|Any CPU
		{FE9800A9-84B3-E3B6-0F08-5659795960D0}.Debug|Any CPU.Build.0 = Debug|Any CPU
		{FE9800A9-84B3-E3B6-0F08-5659795960D0}.Release|Any CPU.ActiveCfg = Release|Any CPU
		{FE9800A9-84B3-E3B6-0F08-5659795960D0}.Release|Any CPU.Build.0 = Release|Any CPU
	EndGlobalSection
	GlobalSection(SolutionProperties) = preSolution
		HideSolutionNode = FALSE
	EndGlobalSection
	GlobalSection(ExtensibilityGlobals) = postSolution
		SolutionGuid = {19C6E6AE-0264-4F31-96DE-96DF1A1A97A6}
	EndGlobalSection
EndGlobal
